
Microsoft Visual Studio Solution File, Format Version 12.00
# Visual Studio 15
Project("{FAE04EC0-301F-11D3-BF4B-00C04F79EFBC}") = "EditorMigrationScripts", "EditorMigrationScripts.csproj", "{95B0E2E6-225F-7876-0589-A9ED3C8CC898}"
EndProject
Global
	GlobalSection(SolutionConfigurationPlatforms) = preSolution
		Debug|Any CPU = Debug|Any CPU
		Release|Any CPU = Release|Any CPU
	EndGlobalSection
	GlobalSection(ProjectConfigurationPlatforms) = postSolution
		{95B0E2E6-225F-7876-0589-A9ED3C8CC898}.Debug|Any CPU.ActiveCfg = Debug|Any CPU
		{95B0E2E6-225F-7876-0589-A9ED3C8CC898}.Debug|Any CPU.Build.0 = Debug|Any CPU
		{95B0E2E6-225F-7876-0589-A9ED3C8CC898}.Release|Any CPU.ActiveCfg = Release|Any CPU
		{95B0E2E6-225F-7876-0589-A9ED3C8CC898}.Release|Any CPU.Build.0 = Release|Any CPU
	EndGlobalSection
	GlobalSection(SolutionProperties) = preSolution
		HideSolutionNode = FALSE
	EndGlobalSection
EndGlobal
